
Microsoft Visual Studio Solution File, Format Version 12.00
# Visual Studio 15
VisualStudioVersion = 15.0.27428.2015
MinimumVisualStudioVersion = 10.0.40219.1
Project("{FAE04EC0-301F-11D3-BF4B-00C04F79EFBC}") = "WolframGrasshopperSupport", "WolframGrasshopperSupport\WolframGrasshopperSupport.csproj", "{4E0950C0-62CE-454C-B403-B5115D0153D7}"
EndProject
Project("{FAE04EC0-301F-11D3-BF4B-00C04F79EFBC}") = "WolframGrasshopperComponents", "WolframGrasshopperComponents\WolframGrasshopperComponents.csproj", "{666A7B86-A665-447A-AEE6-83556CD118F7}"
	ProjectSection(ProjectDependencies) = postProject
		{4E0950C0-62CE-454C-B403-B5115D0153D7} = {4E0950C0-62CE-454C-B403-B5115D0153D7}
	EndProjectSection
EndProject
Project("{FAE04EC0-301F-11D3-BF4B-00C04F79EFBC}") = "WolframScripting", "WolframScripting\WolframScripting.csproj", "{69AF1AB5-B098-4384-A6F0-CFC5FADBA4C2}"
EndProject
Global
	GlobalSection(SolutionConfigurationPlatforms) = preSolution
		Debug|Any CPU = Debug|Any CPU
		Debug32|Any CPU = Debug32|Any CPU
		Debug64|Any CPU = Debug64|Any CPU
		Release|Any CPU = Release|Any CPU
	EndGlobalSection
	GlobalSection(ProjectConfigurationPlatforms) = postSolution
		{4E0950C0-62CE-454C-B403-B5115D0153D7}.Debug|Any CPU.ActiveCfg = Debug|Any CPU
		{4E0950C0-62CE-454C-B403-B5115D0153D7}.Debug|Any CPU.Build.0 = Debug|Any CPU
		{4E0950C0-62CE-454C-B403-B5115D0153D7}.Debug32|Any CPU.ActiveCfg = Debug|Any CPU
		{4E0950C0-62CE-454C-B403-B5115D0153D7}.Debug32|Any CPU.Build.0 = Debug|Any CPU
		{4E0950C0-62CE-454C-B403-B5115D0153D7}.Debug64|Any CPU.ActiveCfg = Debug|Any CPU
		{4E0950C0-62CE-454C-B403-B5115D0153D7}.Debug64|Any CPU.Build.0 = Debug|Any CPU
		{4E0950C0-62CE-454C-B403-B5115D0153D7}.Release|Any CPU.ActiveCfg = Release|Any CPU
		{4E0950C0-62CE-454C-B403-B5115D0153D7}.Release|Any CPU.Build.0 = Release|Any CPU
		{666A7B86-A665-447A-AEE6-83556CD118F7}.Debug|Any CPU.ActiveCfg = Debug64|Any CPU
		{666A7B86-A665-447A-AEE6-83556CD118F7}.Debug|Any CPU.Build.0 = Debug64|Any CPU
		{666A7B86-A665-447A-AEE6-83556CD118F7}.Debug32|Any CPU.ActiveCfg = Debug32|Any CPU
		{666A7B86-A665-447A-AEE6-83556CD118F7}.Debug32|Any CPU.Build.0 = Debug32|Any CPU
		{666A7B86-A665-447A-AEE6-83556CD118F7}.Debug64|Any CPU.ActiveCfg = Debug64|Any CPU
		{666A7B86-A665-447A-AEE6-83556CD118F7}.Debug64|Any CPU.Build.0 = Debug64|Any CPU
		{666A7B86-A665-447A-AEE6-83556CD118F7}.Release|Any CPU.ActiveCfg = Release|Any CPU
		{666A7B86-A665-447A-AEE6-83556CD118F7}.Release|Any CPU.Build.0 = Release|Any CPU
		{69AF1AB5-B098-4384-A6F0-CFC5FADBA4C2}.Debug|Any CPU.ActiveCfg = Debug64|Any CPU
		{69AF1AB5-B098-4384-A6F0-CFC5FADBA4C2}.Debug|Any CPU.Build.0 = Debug64|Any CPU
		{69AF1AB5-B098-4384-A6F0-CFC5FADBA4C2}.Debug32|Any CPU.ActiveCfg = Debug32|Any CPU
		{69AF1AB5-B098-4384-A6F0-CFC5FADBA4C2}.Debug32|Any CPU.Build.0 = Debug32|Any CPU
		{69AF1AB5-B098-4384-A6F0-CFC5FADBA4C2}.Debug64|Any CPU.ActiveCfg = Debug64|Any CPU
		{69AF1AB5-B098-4384-A6F0-CFC5FADBA4C2}.Debug64|Any CPU.Build.0 = Debug64|Any CPU
		{69AF1AB5-B098-4384-A6F0-CFC5FADBA4C2}.Release|Any CPU.ActiveCfg = Release|Any CPU
		{69AF1AB5-B098-4384-A6F0-CFC5FADBA4C2}.Release|Any CPU.Build.0 = Release|Any CPU
	EndGlobalSection
	GlobalSection(SolutionProperties) = preSolution
		HideSolutionNode = FALSE
	EndGlobalSection
	GlobalSection(ExtensibilityGlobals) = postSolution
		SolutionGuid = {972223A3-82DE-4E09-B7CF-49EE794DC9D5}
	EndGlobalSection
EndGlobal
