
Microsoft Visual Studio Solution File, Format Version 11.00
# Visual Studio 2010
Project("{FAE04EC0-301F-11D3-BF4B-00C04F79EFBC}") = "WolframGrasshopperSupport", "WolframGrasshopperSupport.csproj", "{4E0950C0-62CE-454C-B403-B5115D0153D7}"
EndProject
Global
	GlobalSection(SolutionConfigurationPlatforms) = preSolution
		Debug|Any CPU = Debug|Any CPU
		Release|Any CPU = Release|Any CPU
	EndGlobalSection
	GlobalSection(ProjectConfigurationPlatforms) = postSolution
		{4E0950C0-62CE-454C-B403-B5115D0153D7}.Debug|Any CPU.ActiveCfg = Debug|Any CPU
		{4E0950C0-62CE-454C-B403-B5115D0153D7}.Debug|Any CPU.Build.0 = Debug|Any CPU
		{4E0950C0-62CE-454C-B403-B5115D0153D7}.Release|Any CPU.ActiveCfg = Release|Any CPU
		{4E0950C0-62CE-454C-B403-B5115D0153D7}.Release|Any CPU.Build.0 = Release|Any CPU
	EndGlobalSection
	GlobalSection(SolutionProperties) = preSolution
		HideSolutionNode = FALSE
	EndGlobalSection
EndGlobal
